
Microsoft Visual Studio Solution File, Format Version 12.00
# Visual Studio Version 16
VisualStudioVersion = 16.0.30204.135
MinimumVisualStudioVersion = 10.0.40219.1
Project("{FAE04EC0-301F-11D3-BF4B-00C04F79EFBC}") = "SheresPlace.Core", "SheresPlace.Core\SheresPlace.Core.csproj", "{81FF17E8-9177-490C-8533-4288FE3FAC7F}"
EndProject
Project("{FAE04EC0-301F-11D3-BF4B-00C04F79EFBC}") = "SheresPlace.Services", "SheresPlace.Services\SheresPlace.Services.csproj", "{430E8771-4113-46FA-BFCC-34188D37C93E}"
EndProject
Project("{FAE04EC0-301F-11D3-BF4B-00C04F79EFBC}") = "SheresPlace.DataAccess.SQL", "SheresPlace.DataAccess.SQL\SheresPlace.DataAccess.SQL.csproj", "{AAA75402-DFF2-47E1-BD4B-5EB21AAB5267}"
EndProject
Project("{FAE04EC0-301F-11D3-BF4B-00C04F79EFBC}") = "SherePlace.DataAccess.InMemory", "SherePlace.DataAccess.InMemory\SherePlace.DataAccess.InMemory.csproj", "{C30B0FE4-5913-4E7A-844C-40BF94CC6445}"
EndProject
Project("{FAE04EC0-301F-11D3-BF4B-00C04F79EFBC}") = "SheresPlace.WebUI", "SheresPlace.WebUI\SheresPlace.WebUI.csproj", "{C1C289EF-7E16-49FE-9D6F-4E89E433AE83}"
EndProject
Project("{FAE04EC0-301F-11D3-BF4B-00C04F79EFBC}") = "SheresPlace.WebUI.Tests", "SheresPlace.WebUI.Tests\SheresPlace.WebUI.Tests.csproj", "{B7390525-3C10-4CF0-86C9-70039D20D3CD}"
EndProject
Global
	GlobalSection(SolutionConfigurationPlatforms) = preSolution
		Debug|Any CPU = Debug|Any CPU
		Release|Any CPU = Release|Any CPU
	EndGlobalSection
	GlobalSection(ProjectConfigurationPlatforms) = postSolution
		{81FF17E8-9177-490C-8533-4288FE3FAC7F}.Debug|Any CPU.ActiveCfg = Debug|Any CPU
		{81FF17E8-9177-490C-8533-4288FE3FAC7F}.Debug|Any CPU.Build.0 = Debug|Any CPU
		{81FF17E8-9177-490C-8533-4288FE3FAC7F}.Release|Any CPU.ActiveCfg = Release|Any CPU
		{81FF17E8-9177-490C-8533-4288FE3FAC7F}.Release|Any CPU.Build.0 = Release|Any CPU
		{430E8771-4113-46FA-BFCC-34188D37C93E}.Debug|Any CPU.ActiveCfg = Debug|Any CPU
		{430E8771-4113-46FA-BFCC-34188D37C93E}.Debug|Any CPU.Build.0 = Debug|Any CPU
		{430E8771-4113-46FA-BFCC-34188D37C93E}.Release|Any CPU.ActiveCfg = Release|Any CPU
		{430E8771-4113-46FA-BFCC-34188D37C93E}.Release|Any CPU.Build.0 = Release|Any CPU
		{AAA75402-DFF2-47E1-BD4B-5EB21AAB5267}.Debug|Any CPU.ActiveCfg = Debug|Any CPU
		{AAA75402-DFF2-47E1-BD4B-5EB21AAB5267}.Debug|Any CPU.Build.0 = Debug|Any CPU
		{AAA75402-DFF2-47E1-BD4B-5EB21AAB5267}.Release|Any CPU.ActiveCfg = Release|Any CPU
		{AAA75402-DFF2-47E1-BD4B-5EB21AAB5267}.Release|Any CPU.Build.0 = Release|Any CPU
		{C30B0FE4-5913-4E7A-844C-40BF94CC6445}.Debug|Any CPU.ActiveCfg = Debug|Any CPU
		{C30B0FE4-5913-4E7A-844C-40BF94CC6445}.Debug|Any CPU.Build.0 = Debug|Any CPU
		{C30B0FE4-5913-4E7A-844C-40BF94CC6445}.Release|Any CPU.ActiveCfg = Release|Any CPU
		{C30B0FE4-5913-4E7A-844C-40BF94CC6445}.Release|Any CPU.Build.0 = Release|Any CPU
		{C1C289EF-7E16-49FE-9D6F-4E89E433AE83}.Debug|Any CPU.ActiveCfg = Debug|Any CPU
		{C1C289EF-7E16-49FE-9D6F-4E89E433AE83}.Debug|Any CPU.Build.0 = Debug|Any CPU
		{C1C289EF-7E16-49FE-9D6F-4E89E433AE83}.Release|Any CPU.ActiveCfg = Release|Any CPU
		{C1C289EF-7E16-49FE-9D6F-4E89E433AE83}.Release|Any CPU.Build.0 = Release|Any CPU
		{B7390525-3C10-4CF0-86C9-70039D20D3CD}.Debug|Any CPU.ActiveCfg = Debug|Any CPU
		{B7390525-3C10-4CF0-86C9-70039D20D3CD}.Debug|Any CPU.Build.0 = Debug|Any CPU
		{B7390525-3C10-4CF0-86C9-70039D20D3CD}.Release|Any CPU.ActiveCfg = Release|Any CPU
		{B7390525-3C10-4CF0-86C9-70039D20D3CD}.Release|Any CPU.Build.0 = Release|Any CPU
	EndGlobalSection
	GlobalSection(SolutionProperties) = preSolution
		HideSolutionNode = FALSE
	EndGlobalSection
	GlobalSection(ExtensibilityGlobals) = postSolution
		SolutionGuid = {1FD54DAD-927A-4DCE-91D8-CA73A6CA2662}
	EndGlobalSection
EndGlobal
